
Microsoft Visual Studio Solution File, Format Version 12.00
# Visual Studio Version 17
VisualStudioVersion = 17.8.34322.80
MinimumVisualStudioVersion = 10.0.40219.1
Project("{FAE04EC0-301F-11D3-BF4B-00C04F79EFBC}") = "19294C#", "19294C#.csproj", "{157787C2-3237-41EB-A33D-427605889621}"
EndProject
Global
	GlobalSection(SolutionConfigurationPlatforms) = preSolution
		Debug|Any CPU = Debug|Any CPU
		Release|Any CPU = Release|Any CPU
	EndGlobalSection
	GlobalSection(ProjectConfigurationPlatforms) = postSolution
		{157787C2-3237-41EB-A33D-427605889621}.Debug|Any CPU.ActiveCfg = Debug|Any CPU
		{157787C2-3237-41EB-A33D-427605889621}.Debug|Any CPU.Build.0 = Debug|Any CPU
		{157787C2-3237-41EB-A33D-427605889621}.Release|Any CPU.ActiveCfg = Release|Any CPU
		{157787C2-3237-41EB-A33D-427605889621}.Release|Any CPU.Build.0 = Release|Any CPU
	EndGlobalSection
	GlobalSection(SolutionProperties) = preSolution
		HideSolutionNode = FALSE
	EndGlobalSection
	GlobalSection(ExtensibilityGlobals) = postSolution
		SolutionGuid = {19FC02D1-2ACE-4C52-B713-C4AA9D7BB362}
	EndGlobalSection
EndGlobal
